{
  "name": "overlord",
  "version": "0.1.0",
  "lockfileVersion": 3,
  "requires": true,
  "packages": {
    "": {
      "name": "overlord",
      "version": "0.1.0",
      "dependencies": {
        "@colombmax-cmd/smo-os": "1.0.0",
        "undici": "^7.24.5"
      }
    },
    "node_modules/@colombmax-cmd/smo-os": {
      "version": "1.0.0",
      "resolved": "https://npm.pkg.github.com/download/@colombmax-cmd/smo-os/1.0.0/064e9a6f377c84925b751516c3995a3b5c5f2a13",
      "integrity": "sha512-c4esyD9AKzUGhmO6uyq56esGxU9/kfkUb3PZ9PVl62QeIr+vR5uL3F/7R2tjrrJAsdZM3Q+NiCl1kigP2yJ+tA==",
      "license": "Apache-2.0",
      "dependencies": {
        "uuid": "^13.0.0",
        "zod": "^4.3.6"
      }
    },
    "node_modules/undici": {
      "version": "7.24.5",
      "resolved": "https://registry.npmjs.org/undici/-/undici-7.24.5.tgz",
      "integrity": "sha512-3IWdCpjgxp15CbJnsi/Y9TCDE7HWVN19j1hmzVhoAkY/+CJx449tVxT5wZc1Gwg8J+P0LWvzlBzxYRnHJ+1i7Q==",
      "license": "MIT",
      "engines": {
        "node": ">=20.18.1"
      }
    },
    "node_modules/uuid": {
      "version": "13.0.0",
      "resolved": "https://registry.npmjs.org/uuid/-/uuid-13.0.0.tgz",
      "integrity": "sha512-XQegIaBTVUjSHliKqcnFqYypAd4S+WCYt5NIeRs6w/UAry7z8Y9j5ZwRRL4kzq9U3sD6v+85er9FvkEaBpji2w==",
      "funding": [
        "https://github.com/sponsors/broofa",
        "https://github.com/sponsors/ctavan"
      ],
      "license": "MIT",
      "bin": {
        "uuid": "dist-node/bin/uuid"
      }
    },
    "node_modules/zod": {
      "version": "4.3.6",
      "resolved": "https://registry.npmjs.org/zod/-/zod-4.3.6.tgz",
      "integrity": "sha512-rftlrkhHZOcjDwkGlnUtZZkvaPHCsDATp4pGpuOOMDaTdDDXF91wuVDJoWoPsKX/3YPQ5fHuF3STjcYyKr+Qhg==",
      "license": "MIT",
      "funding": {
        "url": "https://github.com/sponsors/colinhacks"
      }
    }
  }
}
